
Microsoft Visual Studio Solution File, Format Version 12.00
# Visual Studio 2013
VisualStudioVersion = 12.0.31101.0
MinimumVisualStudioVersion = 10.0.40219.1
Project("{FAE04EC0-301F-11D3-BF4B-00C04F79EFBC}") = "ContactsSquared", "ContactsSquared\ContactsSquared.csproj", "{2CAB7C13-F9CB-40B8-9BF9-050306BB6844}"
EndProject
Project("{FAE04EC0-301F-11D3-BF4B-00C04F79EFBC}") = "ContactsSquared.Tests", "ContactsSquared.Tests\ContactsSquared.Tests.csproj", "{AB40767B-FDEB-4528-AE68-CBC3D1E48BCA}"
EndProject
Global
	GlobalSection(SolutionConfigurationPlatforms) = preSolution
		Debug|Any CPU = Debug|Any CPU
		Release|Any CPU = Release|Any CPU
	EndGlobalSection
	GlobalSection(ProjectConfigurationPlatforms) = postSolution
		{2CAB7C13-F9CB-40B8-9BF9-050306BB6844}.Debug|Any CPU.ActiveCfg = Debug|Any CPU
		{2CAB7C13-F9CB-40B8-9BF9-050306BB6844}.Debug|Any CPU.Build.0 = Debug|Any CPU
		{2CAB7C13-F9CB-40B8-9BF9-050306BB6844}.Release|Any CPU.ActiveCfg = Release|Any CPU
		{2CAB7C13-F9CB-40B8-9BF9-050306BB6844}.Release|Any CPU.Build.0 = Release|Any CPU
		{AB40767B-FDEB-4528-AE68-CBC3D1E48BCA}.Debug|Any CPU.ActiveCfg = Debug|Any CPU
		{AB40767B-FDEB-4528-AE68-CBC3D1E48BCA}.Debug|Any CPU.Build.0 = Debug|Any CPU
		{AB40767B-FDEB-4528-AE68-CBC3D1E48BCA}.Release|Any CPU.ActiveCfg = Release|Any CPU
		{AB40767B-FDEB-4528-AE68-CBC3D1E48BCA}.Release|Any CPU.Build.0 = Release|Any CPU
	EndGlobalSection
	GlobalSection(SolutionProperties) = preSolution
		HideSolutionNode = FALSE
	EndGlobalSection
EndGlobal
